// !$*UTF8*$!
{
	archiveVersion = 1;
	classes = {
	};
	objectVersion = 50;
	objects = {

/* Begin PBXBuildFile section */
		5148E8C364568B537270E17B /* Pods_AccorlexDemo.framework in Frameworks */ = {isa = PBXBuildFile; fileRef = EA71971CDF4BBE335AA04212 /* Pods_AccorlexDemo.framework */; };
		5F4D76572254F174007021CB /* AppDelegate.swift in Sources */ = {isa = PBXBuildFile; fileRef = 5F4D76562254F174007021CB /* AppDelegate.swift */; };
		5F4D76592254F174007021CB /* ViewController.swift in Sources */ = {isa = PBXBuildFile; fileRef = 5F4D76582254F174007021CB /* ViewController.swift */; };
		5F4D765C2254F174007021CB /* Main.storyboard in Resources */ = {isa = PBXBuildFile; fileRef = 5F4D765A2254F174007021CB /* Main.storyboard */; };
		5F4D765E2254F175007021CB /* Assets.xcassets in Resources */ = {isa = PBXBuildFile; fileRef = 5F4D765D2254F175007021CB /* Assets.xcassets */; };
		5F4D76612254F175007021CB /* LaunchScreen.storyboard in Resources */ = {isa = PBXBuildFile; fileRef = 5F4D765F2254F175007021CB /* LaunchScreen.storyboard */; };
		5F4D766A2254F218007021CB /* SectionCell.swift in Sources */ = {isa = PBXBuildFile; fileRef = 5F4D76682254F218007021CB /* SectionCell.swift */; };
		5F4D766B2254F218007021CB /* SectionCell.xib in Resources */ = {isa = PBXBuildFile; fileRef = 5F4D76692254F218007021CB /* SectionCell.xib */; };
		5F4D766E2254F29E007021CB /* NormalCell.swift in Sources */ = {isa = PBXBuildFile; fileRef = 5F4D766C2254F29E007021CB /* NormalCell.swift */; };
		5F4D766F2254F29E007021CB /* NormalCell.xib in Resources */ = {isa = PBXBuildFile; fileRef = 5F4D766D2254F29E007021CB /* NormalCell.xib */; };
/* End PBXBuildFile section */

/* Begin PBXFileReference section */
		4109221277C086C693BF43E3 /* Pods-AccorlexDemo.debug.xcconfig */ = {isa = PBXFileReference; includeInIndex = 1; lastKnownFileType = text.xcconfig; name = "Pods-AccorlexDemo.debug.xcconfig"; path = "Target Support Files/Pods-AccorlexDemo/Pods-AccorlexDemo.debug.xcconfig"; sourceTree = "<group>"; };
		5F4D76532254F174007021CB /* AccorlexDemo.app */ = {isa = PBXFileReference; explicitFileType = wrapper.application; includeInIndex = 0; path = AccorlexDemo.app; sourceTree = BUILT_PRODUCTS_DIR; };
		5F4D76562254F174007021CB /* AppDelegate.swift */ = {isa = PBXFileReference; lastKnownFileType = sourcecode.swift; path = AppDelegate.swift; sourceTree = "<group>"; };
		5F4D76582254F174007021CB /* ViewController.swift */ = {isa = PBXFileReference; lastKnownFileType = sourcecode.swift; path = ViewController.swift; sourceTree = "<group>"; };
		5F4D765B2254F174007021CB /* Base */ = {isa = PBXFileReference; lastKnownFileType = file.storyboard; name = Base; path = Base.lproj/Main.storyboard; sourceTree = "<group>"; };
		5F4D765D2254F175007021CB /* Assets.xcassets */ = {isa = PBXFileReference; lastKnownFileType = folder.assetcatalog; path = Assets.xcassets; sourceTree = "<group>"; };
		5F4D76602254F175007021CB /* Base */ = {isa = PBXFileReference; lastKnownFileType = file.storyboard; name = Base; path = Base.lproj/LaunchScreen.storyboard; sourceTree = "<group>"; };
		5F4D76622254F175007021CB /* Info.plist */ = {isa = PBXFileReference; lastKnownFileType = text.plist.xml; path = Info.plist; sourceTree = "<group>"; };
		5F4D76682254F218007021CB /* SectionCell.swift */ = {isa = PBXFileReference; lastKnownFileType = sourcecode.swift; path = SectionCell.swift; sourceTree = "<group>"; };
		5F4D76692254F218007021CB /* SectionCell.xib */ = {isa = PBXFileReference; lastKnownFileType = file.xib; path = SectionCell.xib; sourceTree = "<group>"; };
		5F4D766C2254F29E007021CB /* NormalCell.swift */ = {isa = PBXFileReference; lastKnownFileType = sourcecode.swift; path = NormalCell.swift; sourceTree = "<group>"; };
		5F4D766D2254F29E007021CB /* NormalCell.xib */ = {isa = PBXFileReference; lastKnownFileType = file.xib; path = NormalCell.xib; sourceTree = "<group>"; };
		6D4508EC6D9CB8FB74EB6546 /* Pods-AccorlexDemo.release.xcconfig */ = {isa = PBXFileReference; includeInIndex = 1; lastKnownFileType = text.xcconfig; name = "Pods-AccorlexDemo.release.xcconfig"; path = "Target Support Files/Pods-AccorlexDemo/Pods-AccorlexDemo.release.xcconfig"; sourceTree = "<group>"; };
		EA71971CDF4BBE335AA04212 /* Pods_AccorlexDemo.framework */ = {isa = PBXFileReference; explicitFileType = wrapper.framework; includeInIndex = 0; path = Pods_AccorlexDemo.framework; sourceTree = BUILT_PRODUCTS_DIR; };
/* End PBXFileReference section */

/* Begin PBXFrameworksBuildPhase section */
		5F4D76502254F174007021CB /* Frameworks */ = {
			isa = PBXFrameworksBuildPhase;
			buildActionMask = 2147483647;
			files = (
				5148E8C364568B537270E17B /* Pods_AccorlexDemo.framework in Frameworks */,
			);
			runOnlyForDeploymentPostprocessing = 0;
		};
/* End PBXFrameworksBuildPhase section */

/* Begin PBXGroup section */
		45F58D931ADE27B9D667FF20 /* Pods */ = {
			isa = PBXGroup;
			children = (
				4109221277C086C693BF43E3 /* Pods-AccorlexDemo.debug.xcconfig */,
				6D4508EC6D9CB8FB74EB6546 /* Pods-AccorlexDemo.release.xcconfig */,
			);
			path = Pods;
			sourceTree = "<group>";
		};
		5F4D764A2254F174007021CB = {
			isa = PBXGroup;
			children = (
				5F4D76552254F174007021CB /* AccorlexDemo */,
				5F4D76542254F174007021CB /* Products */,
				45F58D931ADE27B9D667FF20 /* Pods */,
				6635B9B72B2D7979A69B6FD1 /* Frameworks */,
			);
			sourceTree = "<group>";
		};
		5F4D76542254F174007021CB /* Products */ = {
			isa = PBXGroup;
			children = (
				5F4D76532254F174007021CB /* AccorlexDemo.app */,
			);
			name = Products;
			sourceTree = "<group>";
		};
		5F4D76552254F174007021CB /* AccorlexDemo */ = {
			isa = PBXGroup;
			children = (
				5F4D76562254F174007021CB /* AppDelegate.swift */,
				5F4D76582254F174007021CB /* ViewController.swift */,
				5F4D765A2254F174007021CB /* Main.storyboard */,
				5F4D765D2254F175007021CB /* Assets.xcassets */,
				5F4D765F2254F175007021CB /* LaunchScreen.storyboard */,
				5F4D76622254F175007021CB /* Info.plist */,
				5F4D76682254F218007021CB /* SectionCell.swift */,
				5F4D76692254F218007021CB /* SectionCell.xib */,
				5F4D766C2254F29E007021CB /* NormalCell.swift */,
				5F4D766D2254F29E007021CB /* NormalCell.xib */,
			);
			path = AccorlexDemo;
			sourceTree = "<group>";
		};
		6635B9B72B2D7979A69B6FD1 /* Frameworks */ = {
			isa = PBXGroup;
			children = (
				EA71971CDF4BBE335AA04212 /* Pods_AccorlexDemo.framework */,
			);
			name = Frameworks;
			sourceTree = "<group>";
		};
/* End PBXGroup section */

/* Begin PBXNativeTarget section */
		5F4D76522254F174007021CB /* AccorlexDemo */ = {
			isa = PBXNativeTarget;
			buildConfigurationList = 5F4D76652254F175007021CB /* Build configuration list for PBXNativeTarget "AccorlexDemo" */;
			buildPhases = (
				6C7BF68D5224E257C0901F32 /* [CP] Check Pods Manifest.lock */,
				5F4D764F2254F174007021CB /* Sources */,
				5F4D76502254F174007021CB /* Frameworks */,
				5F4D76512254F174007021CB /* Resources */,
				058ABB36AF5F955EA61EDB85 /* [CP] Embed Pods Frameworks */,
			);
			buildRules = (
			);
			dependencies = (
			);
			name = AccorlexDemo;
			productName = AccorlexDemo;
			productReference = 5F4D76532254F174007021CB /* AccorlexDemo.app */;
			productType = "com.apple.product-type.application";
		};
/* End PBXNativeTarget section */

/* Begin PBXProject section */
		5F4D764B2254F174007021CB /* Project object */ = {
			isa = PBXProject;
			attributes = {
				LastSwiftUpdateCheck = 1020;
				LastUpgradeCheck = 1020;
				ORGANIZATIONNAME = "Barış Uyar";
				TargetAttributes = {
					5F4D76522254F174007021CB = {
						CreatedOnToolsVersion = 10.2;
					};
				};
			};
			buildConfigurationList = 5F4D764E2254F174007021CB /* Build configuration list for PBXProject "AccorlexDemo" */;
			compatibilityVersion = "Xcode 9.3";
			developmentRegion = en;
			hasScannedForEncodings = 0;
			knownRegions = (
				en,
				Base,
			);
			mainGroup = 5F4D764A2254F174007021CB;
			productRefGroup = 5F4D76542254F174007021CB /* Products */;
			projectDirPath = "";
			projectRoot = "";
			targets = (
				5F4D76522254F174007021CB /* AccorlexDemo */,
			);
		};
/* End PBXProject section */

/* Begin PBXResourcesBuildPhase section */
		5F4D76512254F174007021CB /* Resources */ = {
			isa = PBXResourcesBuildPhase;
			buildActionMask = 2147483647;
			files = (
				5F4D76612254F175007021CB /* LaunchScreen.storyboard in Resources */,
				5F4D766B2254F218007021CB /* SectionCell.xib in Resources */,
				5F4D765E2254F175007021CB /* Assets.xcassets in Resources */,
				5F4D765C2254F174007021CB /* Main.storyboard in Resources */,
				5F4D766F2254F29E007021CB /* NormalCell.xib in Resources */,
			);
			runOnlyForDeploymentPostprocessing = 0;
		};
/* End PBXResourcesBuildPhase section */

/* Begin PBXShellScriptBuildPhase section */
		058ABB36AF5F955EA61EDB85 /* [CP] Embed Pods Frameworks */ = {
			isa = PBXShellScriptBuildPhase;
			buildActionMask = 2147483647;
			files = (
			);
			inputFileListPaths = (
			);
			inputPaths = (
				"${PODS_ROOT}/Target Support Files/Pods-AccorlexDemo/Pods-AccorlexDemo-frameworks.sh",
				"${BUILT_PRODUCTS_DIR}/Accorlex/Accorlex.framework",
			);
			name = "[CP] Embed Pods Frameworks";
			outputFileListPaths = (
			);
			outputPaths = (
				"${TARGET_BUILD_DIR}/${FRAMEWORKS_FOLDER_PATH}/Accorlex.framework",
			);
			runOnlyForDeploymentPostprocessing = 0;
			shellPath = /bin/sh;
			shellScript = "\"${PODS_ROOT}/Target Support Files/Pods-AccorlexDemo/Pods-AccorlexDemo-frameworks.sh\"\n";
			showEnvVarsInLog = 0;
		};
		6C7BF68D5224E257C0901F32 /* [CP] Check Pods Manifest.lock */ = {
			isa = PBXShellScriptBuildPhase;
			buildActionMask = 2147483647;
			files = (
			);
			inputFileListPaths = (
			);
			inputPaths = (
				"${PODS_PODFILE_DIR_PATH}/Podfile.lock",
				"${PODS_ROOT}/Manifest.lock",
			);
			name = "[CP] Check Pods Manifest.lock";
			outputFileListPaths = (
			);
			outputPaths = (
				"$(DERIVED_FILE_DIR)/Pods-AccorlexDemo-checkManifestLockResult.txt",
			);
			runOnlyForDeploymentPostprocessing = 0;
			shellPath = /bin/sh;
			shellScript = "diff \"${PODS_PODFILE_DIR_PATH}/Podfile.lock\" \"${PODS_ROOT}/Manifest.lock\" > /dev/null\nif [ $? != 0 ] ; then\n    # print error to STDERR\n    echo \"error: The sandbox is not in sync with the Podfile.lock. Run 'pod install' or update your CocoaPods installation.\" >&2\n    exit 1\nfi\n# This output is used by Xcode 'outputs' to avoid re-running this script phase.\necho \"SUCCESS\" > \"${SCRIPT_OUTPUT_FILE_0}\"\n";
			showEnvVarsInLog = 0;
		};
/* End PBXShellScriptBuildPhase section */

/* Begin PBXSourcesBuildPhase section */
		5F4D764F2254F174007021CB /* Sources */ = {
			isa = PBXSourcesBuildPhase;
			buildActionMask = 2147483647;
			files = (
				5F4D766E2254F29E007021CB /* NormalCell.swift in Sources */,
				5F4D766A2254F218007021CB /* SectionCell.swift in Sources */,
				5F4D76592254F174007021CB /* ViewController.swift in Sources */,
				5F4D76572254F174007021CB /* AppDelegate.swift in Sources */,
			);
			runOnlyForDeploymentPostprocessing = 0;
		};
/* End PBXSourcesBuildPhase section */

/* Begin PBXVariantGroup section */
		5F4D765A2254F174007021CB /* Main.storyboard */ = {
			isa = PBXVariantGroup;
			children = (
				5F4D765B2254F174007021CB /* Base */,
			);
			name = Main.storyboard;
			sourceTree = "<group>";
		};
		5F4D765F2254F175007021CB /* LaunchScreen.storyboard */ = {
			isa = PBXVariantGroup;
			children = (
				5F4D76602254F175007021CB /* Base */,
			);
			name = LaunchScreen.storyboard;
			sourceTree = "<group>";
		};
/* End PBXVariantGroup section */

/* Begin XCBuildConfiguration section */
		5F4D76632254F175007021CB /* Debug */ = {
			isa = XCBuildConfiguration;
			buildSettings = {
				ALWAYS_SEARCH_USER_PATHS = NO;
				CLANG_ANALYZER_NONNULL = YES;
				CLANG_ANALYZER_NUMBER_OBJECT_CONVERSION = YES_AGGRESSIVE;
				CLANG_CXX_LANGUAGE_STANDARD = "gnu++14";
				CLANG_CXX_LIBRARY = "libc++";
				CLANG_ENABLE_MODULES = YES;
				CLANG_ENABLE_OBJC_ARC = YES;
				CLANG_ENABLE_OBJC_WEAK = YES;
				CLANG_WARN_BLOCK_CAPTURE_AUTORELEASING = YES;
				CLANG_WARN_BOOL_CONVERSION = YES;
				CLANG_WARN_COMMA = YES;
				CLANG_WARN_CONSTANT_CONVERSION = YES;
				CLANG_WARN_DEPRECATED_OBJC_IMPLEMENTATIONS = YES;
				CLANG_WARN_DIRECT_OBJC_ISA_USAGE = YES_ERROR;
				CLANG_WARN_DOCUMENTATION_COMMENTS = YES;
				CLANG_WARN_EMPTY_BODY = YES;
				CLANG_WARN_ENUM_CONVERSION = YES;
				CLANG_WARN_INFINITE_RECURSION = YES;
				CLANG_WARN_INT_CONVERSION = YES;
				CLANG_WARN_NON_LITERAL_NULL_CONVERSION = YES;
				CLANG_WARN_OBJC_IMPLICIT_RETAIN_SELF = YES;
				CLANG_WARN_OBJC_LITERAL_CONVERSION = YES;
				CLANG_WARN_OBJC_ROOT_CLASS = YES_ERROR;
				CLANG_WARN_RANGE_LOOP_ANALYSIS = YES;
				CLANG_WARN_STRICT_PROTOTYPES = YES;
				CLANG_WARN_SUSPICIOUS_MOVE = YES;
				CLANG_WARN_UNGUARDED_AVAILABILITY = YES_AGGRESSIVE;
				CLANG_WARN_UNREACHABLE_CODE = YES;
				CLANG_WARN__DUPLICATE_METHOD_MATCH = YES;
				CODE_SIGN_IDENTITY = "iPhone Developer";
				COPY_PHASE_STRIP = NO;
				DEBUG_INFORMATION_FORMAT = dwarf;
				ENABLE_STRICT_OBJC_MSGSEND = YES;
				ENABLE_TESTABILITY = YES;
				GCC_C_LANGUAGE_STANDARD = gnu11;
				GCC_DYNAMIC_NO_PIC = NO;
				GCC_NO_COMMON_BLOCKS = YES;
				GCC_OPTIMIZATION_LEVEL = 0;
				GCC_PREPROCESSOR_DEFINITIONS = (
					"DEBUG=1",
					"$(inherited)",
				);
				GCC_WARN_64_TO_32_BIT_CONVERSION = YES;
				GCC_WARN_ABOUT_RETURN_TYPE = YES_ERROR;
				GCC_WARN_UNDECLARED_SELECTOR = YES;
				GCC_WARN_UNINITIALIZED_AUTOS = YES_AGGRESSIVE;
				GCC_WARN_UNUSED_FUNCTION = YES;
				GCC_WARN_UNUSED_VARIABLE = YES;
				IPHONEOS_DEPLOYMENT_TARGET = 12.2;
				MTL_ENABLE_DEBUG_INFO = INCLUDE_SOURCE;
				MTL_FAST_MATH = YES;
				ONLY_ACTIVE_ARCH = YES;
				SDKROOT = iphoneos;
				SWIFT_ACTIVE_COMPILATION_CONDITIONS = DEBUG;
				SWIFT_OPTIMIZATION_LEVEL = "-Onone";
			};
			name = Debug;
		};
		5F4D76642254F175007021CB /* Release */ = {
			isa = XCBuildConfiguration;
			buildSettings = {
				ALWAYS_SEARCH_USER_PATHS = NO;
				CLANG_ANALYZER_NONNULL = YES;
				CLANG_ANALYZER_NUMBER_OBJECT_CONVERSION = YES_AGGRESSIVE;
				CLANG_CXX_LANGUAGE_STANDARD = "gnu++14";
				CLANG_CXX_LIBRARY = "libc++";
				CLANG_ENABLE_MODULES = YES;
				CLANG_ENABLE_OBJC_ARC = YES;
				CLANG_ENABLE_OBJC_WEAK = YES;
				CLANG_WARN_BLOCK_CAPTURE_AUTORELEASING = YES;
				CLANG_WARN_BOOL_CONVERSION = YES;
				CLANG_WARN_COMMA = YES;
				CLANG_WARN_CONSTANT_CONVERSION = YES;
				CLANG_WARN_DEPRECATED_OBJC_IMPLEMENTATIONS = YES;
				CLANG_WARN_DIRECT_OBJC_ISA_USAGE = YES_ERROR;
				CLANG_WARN_DOCUMENTATION_COMMENTS = YES;
				CLANG_WARN_EMPTY_BODY = YES;
				CLANG_WARN_ENUM_CONVERSION = YES;
				CLANG_WARN_INFINITE_RECURSION = YES;
				CLANG_WARN_INT_CONVERSION = YES;
				CLANG_WARN_NON_LITERAL_NULL_CONVERSION = YES;
				CLANG_WARN_OBJC_IMPLICIT_RETAIN_SELF = YES;
				CLANG_WARN_OBJC_LITERAL_CONVERSION = YES;
				CLANG_WARN_OBJC_ROOT_CLASS = YES_ERROR;
				CLANG_WARN_RANGE_LOOP_ANALYSIS = YES;
				CLANG_WARN_STRICT_PROTOTYPES = YES;
				CLANG_WARN_SUSPICIOUS_MOVE = YES;
				CLANG_WARN_UNGUARDED_AVAILABILITY = YES_AGGRESSIVE;
				CLANG_WARN_UNREACHABLE_CODE = YES;
				CLANG_WARN__DUPLICATE_METHOD_MATCH = YES;
				CODE_SIGN_IDENTITY = "iPhone Developer";
				COPY_PHASE_STRIP = NO;
				DEBUG_INFORMATION_FORMAT = "dwarf-with-dsym";
				ENABLE_NS_ASSERTIONS = NO;
				ENABLE_STRICT_OBJC_MSGSEND = YES;
				GCC_C_LANGUAGE_STANDARD = gnu11;
				GCC_NO_COMMON_BLOCKS = YES;
				GCC_WARN_64_TO_32_BIT_CONVERSION = YES;
				GCC_WARN_ABOUT_RETURN_TYPE = YES_ERROR;
				GCC_WARN_UNDECLARED_SELECTOR = YES;
				GCC_WARN_UNINITIALIZED_AUTOS = YES_AGGRESSIVE;
				GCC_WARN_UNUSED_FUNCTION = YES;
				GCC_WARN_UNUSED_VARIABLE = YES;
				IPHONEOS_DEPLOYMENT_TARGET = 12.2;
				MTL_ENABLE_DEBUG_INFO = NO;
				MTL_FAST_MATH = YES;
				SDKROOT = iphoneos;
				SWIFT_COMPILATION_MODE = wholemodule;
				SWIFT_OPTIMIZATION_LEVEL = "-O";
				VALIDATE_PRODUCT = YES;
			};
			name = Release;
		};
		5F4D76662254F175007021CB /* Debug */ = {
			isa = XCBuildConfiguration;
			baseConfigurationReference = 4109221277C086C693BF43E3 /* Pods-AccorlexDemo.debug.xcconfig */;
			buildSettings = {
				ASSETCATALOG_COMPILER_APPICON_NAME = AppIcon;
				CODE_SIGN_STYLE = Automatic;
				DEVELOPMENT_TEAM = M69DRTFV8V;
				INFOPLIST_FILE = AccorlexDemo/Info.plist;
				LD_RUNPATH_SEARCH_PATHS = (
					"$(inherited)",
					"@executable_path/Frameworks",
				);
				PRODUCT_BUNDLE_IDENTIFIER = c.br.u.AccorlexDemo;
				PRODUCT_NAME = "$(TARGET_NAME)";
				SWIFT_VERSION = 5.0;
				TARGETED_DEVICE_FAMILY = "1,2";
			};
			name = Debug;
		};
		5F4D76672254F175007021CB /* Release */ = {
			isa = XCBuildConfiguration;
			baseConfigurationReference = 6D4508EC6D9CB8FB74EB6546 /* Pods-AccorlexDemo.release.xcconfig */;
			buildSettings = {
				ASSETCATALOG_COMPILER_APPICON_NAME = AppIcon;
				CODE_SIGN_STYLE = Automatic;
				DEVELOPMENT_TEAM = M69DRTFV8V;
				INFOPLIST_FILE = AccorlexDemo/Info.plist;
				LD_RUNPATH_SEARCH_PATHS = (
					"$(inherited)",
					"@executable_path/Frameworks",
				);
				PRODUCT_BUNDLE_IDENTIFIER = c.br.u.AccorlexDemo;
				PRODUCT_NAME = "$(TARGET_NAME)";
				SWIFT_VERSION = 5.0;
				TARGETED_DEVICE_FAMILY = "1,2";
			};
			name = Release;
		};
/* End XCBuildConfiguration section */

/* Begin XCConfigurationList section */
		5F4D764E2254F174007021CB /* Build configuration list for PBXProject "AccorlexDemo" */ = {
			isa = XCConfigurationList;
			buildConfigurations = (
				5F4D76632254F175007021CB /* Debug */,
				5F4D76642254F175007021CB /* Release */,
			);
			defaultConfigurationIsVisible = 0;
			defaultConfigurationName = Release;
		};
		5F4D76652254F175007021CB /* Build configuration list for PBXNativeTarget "AccorlexDemo" */ = {
			isa = XCConfigurationList;
			buildConfigurations = (
				5F4D76662254F175007021CB /* Debug */,
				5F4D76672254F175007021CB /* Release */,
			);
			defaultConfigurationIsVisible = 0;
			defaultConfigurationName = Release;
		};
/* End XCConfigurationList section */
	};
	rootObject = 5F4D764B2254F174007021CB /* Project object */;
}
